// !$*UTF8*$!
{
	archiveVersion = 1;
	classes = {
	};
	objectVersion = 50;
	objects = {

/* Begin PBXBuildFile section */
		661E61572202F587002FD182 /* GoalTableViewCell.swift in Sources */ = {isa = PBXBuildFile; fileRef = 661E61562202F587002FD182 /* GoalTableViewCell.swift */; };
		66A3E798221C3FA200FFD9B9 /* Images.xcassets in Resources */ = {isa = PBXBuildFile; fileRef = 66A3E797221C3FA200FFD9B9 /* Images.xcassets */; };
		82966D7921EA2FD50049C635 /* AppDelegate.swift in Sources */ = {isa = PBXBuildFile; fileRef = 82966D7821EA2FD50049C635 /* AppDelegate.swift */; };
		82966D7B21EA2FD50049C635 /* ViewController.swift in Sources */ = {isa = PBXBuildFile; fileRef = 82966D7A21EA2FD50049C635 /* ViewController.swift */; };
		82966D7E21EA2FD50049C635 /* Main.storyboard in Resources */ = {isa = PBXBuildFile; fileRef = 82966D7C21EA2FD50049C635 /* Main.storyboard */; };
		82966D8021EA2FD60049C635 /* Assets.xcassets in Resources */ = {isa = PBXBuildFile; fileRef = 82966D7F21EA2FD60049C635 /* Assets.xcassets */; };
		82966D8321EA2FD60049C635 /* LaunchScreen.storyboard in Resources */ = {isa = PBXBuildFile; fileRef = 82966D8121EA2FD60049C635 /* LaunchScreen.storyboard */; };
		82966D8B21EA31D10049C635 /* StepsTableViewCell.swift in Sources */ = {isa = PBXBuildFile; fileRef = 82966D8A21EA31D10049C635 /* StepsTableViewCell.swift */; };
		82966D8D21EA380B0049C635 /* DayObject.swift in Sources */ = {isa = PBXBuildFile; fileRef = 82966D8C21EA380B0049C635 /* DayObject.swift */; };
/* End PBXBuildFile section */

/* Begin PBXFileReference section */
		661E61562202F587002FD182 /* GoalTableViewCell.swift */ = {isa = PBXFileReference; fileEncoding = 4; lastKnownFileType = sourcecode.swift; path = GoalTableViewCell.swift; sourceTree = "<group>"; };
		66A3E797221C3FA200FFD9B9 /* Images.xcassets */ = {isa = PBXFileReference; lastKnownFileType = folder.assetcatalog; name = Images.xcassets; path = Steps/Images.xcassets; sourceTree = "<group>"; };
		82966D7521EA2FD50049C635 /* Steps.app */ = {isa = PBXFileReference; explicitFileType = wrapper.application; includeInIndex = 0; path = Steps.app; sourceTree = BUILT_PRODUCTS_DIR; };
		82966D7821EA2FD50049C635 /* AppDelegate.swift */ = {isa = PBXFileReference; lastKnownFileType = sourcecode.swift; path = AppDelegate.swift; sourceTree = "<group>"; };
		82966D7A21EA2FD50049C635 /* ViewController.swift */ = {isa = PBXFileReference; lastKnownFileType = sourcecode.swift; path = ViewController.swift; sourceTree = "<group>"; };
		82966D7D21EA2FD50049C635 /* Base */ = {isa = PBXFileReference; lastKnownFileType = file.storyboard; name = Base; path = Base.lproj/Main.storyboard; sourceTree = "<group>"; };
		82966D7F21EA2FD60049C635 /* Assets.xcassets */ = {isa = PBXFileReference; lastKnownFileType = folder.assetcatalog; path = Assets.xcassets; sourceTree = "<group>"; };
		82966D8221EA2FD60049C635 /* Base */ = {isa = PBXFileReference; lastKnownFileType = file.storyboard; name = Base; path = Base.lproj/LaunchScreen.storyboard; sourceTree = "<group>"; };
		82966D8421EA2FD60049C635 /* Info.plist */ = {isa = PBXFileReference; lastKnownFileType = text.plist.xml; path = Info.plist; sourceTree = "<group>"; };
		82966D8A21EA31D10049C635 /* StepsTableViewCell.swift */ = {isa = PBXFileReference; lastKnownFileType = sourcecode.swift; path = StepsTableViewCell.swift; sourceTree = "<group>"; };
		82966D8C21EA380B0049C635 /* DayObject.swift */ = {isa = PBXFileReference; lastKnownFileType = sourcecode.swift; path = DayObject.swift; sourceTree = "<group>"; };
/* End PBXFileReference section */

/* Begin PBXFrameworksBuildPhase section */
		82966D7221EA2FD50049C635 /* Frameworks */ = {
			isa = PBXFrameworksBuildPhase;
			buildActionMask = 2147483647;
			files = (
			);
			runOnlyForDeploymentPostprocessing = 0;
		};
/* End PBXFrameworksBuildPhase section */

/* Begin PBXGroup section */
		82966D6C21EA2FD50049C635 = {
			isa = PBXGroup;
			children = (
				66A3E797221C3FA200FFD9B9 /* Images.xcassets */,
				82966D7721EA2FD50049C635 /* steps */,
				82966D7621EA2FD50049C635 /* Products */,
			);
			sourceTree = "<group>";
		};
		82966D7621EA2FD50049C635 /* Products */ = {
			isa = PBXGroup;
			children = (
				82966D7521EA2FD50049C635 /* Steps.app */,
			);
			name = Products;
			sourceTree = "<group>";
		};
		82966D7721EA2FD50049C635 /* steps */ = {
			isa = PBXGroup;
			children = (
				82966D7821EA2FD50049C635 /* AppDelegate.swift */,
				82966D8C21EA380B0049C635 /* DayObject.swift */,
				82966D7A21EA2FD50049C635 /* ViewController.swift */,
				82966D8A21EA31D10049C635 /* StepsTableViewCell.swift */,
				661E61562202F587002FD182 /* GoalTableViewCell.swift */,
				82966D7C21EA2FD50049C635 /* Main.storyboard */,
				82966D7F21EA2FD60049C635 /* Assets.xcassets */,
				82966D8121EA2FD60049C635 /* LaunchScreen.storyboard */,
				82966D8421EA2FD60049C635 /* Info.plist */,
			);
			path = steps;
			sourceTree = "<group>";
		};
/* End PBXGroup section */

/* Begin PBXNativeTarget section */
		82966D7421EA2FD50049C635 /* Steps */ = {
			isa = PBXNativeTarget;
			buildConfigurationList = 82966D8721EA2FD60049C635 /* Build configuration list for PBXNativeTarget "Steps" */;
			buildPhases = (
				82966D7121EA2FD50049C635 /* Sources */,
				82966D7221EA2FD50049C635 /* Frameworks */,
				82966D7321EA2FD50049C635 /* Resources */,
			);
			buildRules = (
			);
			dependencies = (
			);
			name = Steps;
			productName = steps;
			productReference = 82966D7521EA2FD50049C635 /* Steps.app */;
			productType = "com.apple.product-type.application";
		};
/* End PBXNativeTarget section */

/* Begin PBXProject section */
		82966D6D21EA2FD50049C635 /* Project object */ = {
			isa = PBXProject;
			attributes = {
				LastSwiftUpdateCheck = 1010;
				LastUpgradeCheck = 1010;
				ORGANIZATIONNAME = Georgy;
				TargetAttributes = {
					82966D7421EA2FD50049C635 = {
						CreatedOnToolsVersion = 10.1;
					};
				};
			};
			buildConfigurationList = 82966D7021EA2FD50049C635 /* Build configuration list for PBXProject "steps" */;
			compatibilityVersion = "Xcode 9.3";
			developmentRegion = en;
			hasScannedForEncodings = 0;
			knownRegions = (
				en,
				Base,
			);
			mainGroup = 82966D6C21EA2FD50049C635;
			productRefGroup = 82966D7621EA2FD50049C635 /* Products */;
			projectDirPath = "";
			projectRoot = "";
			targets = (
				82966D7421EA2FD50049C635 /* Steps */,
			);
		};
/* End PBXProject section */

/* Begin PBXResourcesBuildPhase section */
		82966D7321EA2FD50049C635 /* Resources */ = {
			isa = PBXResourcesBuildPhase;
			buildActionMask = 2147483647;
			files = (
				82966D8321EA2FD60049C635 /* LaunchScreen.storyboard in Resources */,
				66A3E798221C3FA200FFD9B9 /* Images.xcassets in Resources */,
				82966D8021EA2FD60049C635 /* Assets.xcassets in Resources */,
				82966D7E21EA2FD50049C635 /* Main.storyboard in Resources */,
			);
			runOnlyForDeploymentPostprocessing = 0;
		};
/* End PBXResourcesBuildPhase section */

/* Begin PBXSourcesBuildPhase section */
		82966D7121EA2FD50049C635 /* Sources */ = {
			isa = PBXSourcesBuildPhase;
			buildActionMask = 2147483647;
			files = (
				82966D7B21EA2FD50049C635 /* ViewController.swift in Sources */,
				82966D7921EA2FD50049C635 /* AppDelegate.swift in Sources */,
				82966D8D21EA380B0049C635 /* DayObject.swift in Sources */,
				661E61572202F587002FD182 /* GoalTableViewCell.swift in Sources */,
				82966D8B21EA31D10049C635 /* StepsTableViewCell.swift in Sources */,
			);
			runOnlyForDeploymentPostprocessing = 0;
		};
/* End PBXSourcesBuildPhase section */

/* Begin PBXVariantGroup section */
		82966D7C21EA2FD50049C635 /* Main.storyboard */ = {
			isa = PBXVariantGroup;
			children = (
				82966D7D21EA2FD50049C635 /* Base */,
			);
			name = Main.storyboard;
			sourceTree = "<group>";
		};
		82966D8121EA2FD60049C635 /* LaunchScreen.storyboard */ = {
			isa = PBXVariantGroup;
			children = (
				82966D8221EA2FD60049C635 /* Base */,
			);
			name = LaunchScreen.storyboard;
			sourceTree = "<group>";
		};
/* End PBXVariantGroup section */

/* Begin XCBuildConfiguration section */
		82966D8521EA2FD60049C635 /* Debug */ = {
			isa = XCBuildConfiguration;
			buildSettings = {
				ALWAYS_SEARCH_USER_PATHS = NO;
				CLANG_ANALYZER_NONNULL = YES;
				CLANG_ANALYZER_NUMBER_OBJECT_CONVERSION = YES_AGGRESSIVE;
				CLANG_CXX_LANGUAGE_STANDARD = "gnu++14";
				CLANG_CXX_LIBRARY = "libc++";
				CLANG_ENABLE_MODULES = YES;
				CLANG_ENABLE_OBJC_ARC = YES;
				CLANG_ENABLE_OBJC_WEAK = YES;
				CLANG_WARN_BLOCK_CAPTURE_AUTORELEASING = YES;
				CLANG_WARN_BOOL_CONVERSION = YES;
				CLANG_WARN_COMMA = YES;
				CLANG_WARN_CONSTANT_CONVERSION = YES;
				CLANG_WARN_DEPRECATED_OBJC_IMPLEMENTATIONS = YES;
				CLANG_WARN_DIRECT_OBJC_ISA_USAGE = YES_ERROR;
				CLANG_WARN_DOCUMENTATION_COMMENTS = YES;
				CLANG_WARN_EMPTY_BODY = YES;
				CLANG_WARN_ENUM_CONVERSION = YES;
				CLANG_WARN_INFINITE_RECURSION = YES;
				CLANG_WARN_INT_CONVERSION = YES;
				CLANG_WARN_NON_LITERAL_NULL_CONVERSION = YES;
				CLANG_WARN_OBJC_IMPLICIT_RETAIN_SELF = YES;
				CLANG_WARN_OBJC_LITERAL_CONVERSION = YES;
				CLANG_WARN_OBJC_ROOT_CLASS = YES_ERROR;
				CLANG_WARN_RANGE_LOOP_ANALYSIS = YES;
				CLANG_WARN_STRICT_PROTOTYPES = YES;
				CLANG_WARN_SUSPICIOUS_MOVE = YES;
				CLANG_WARN_UNGUARDED_AVAILABILITY = YES_AGGRESSIVE;
				CLANG_WARN_UNREACHABLE_CODE = YES;
				CLANG_WARN__DUPLICATE_METHOD_MATCH = YES;
				CODE_SIGN_IDENTITY = "iPhone Developer";
				COPY_PHASE_STRIP = NO;
				DEBUG_INFORMATION_FORMAT = dwarf;
				ENABLE_STRICT_OBJC_MSGSEND = YES;
				ENABLE_TESTABILITY = YES;
				GCC_C_LANGUAGE_STANDARD = gnu11;
				GCC_DYNAMIC_NO_PIC = NO;
				GCC_NO_COMMON_BLOCKS = YES;
				GCC_OPTIMIZATION_LEVEL = 0;
				GCC_PREPROCESSOR_DEFINITIONS = (
					"DEBUG=1",
					"$(inherited)",
				);
				GCC_WARN_64_TO_32_BIT_CONVERSION = YES;
				GCC_WARN_ABOUT_RETURN_TYPE = YES_ERROR;
				GCC_WARN_UNDECLARED_SELECTOR = YES;
				GCC_WARN_UNINITIALIZED_AUTOS = YES_AGGRESSIVE;
				GCC_WARN_UNUSED_FUNCTION = YES;
				GCC_WARN_UNUSED_VARIABLE = YES;
				IPHONEOS_DEPLOYMENT_TARGET = 12.1;
				MTL_ENABLE_DEBUG_INFO = INCLUDE_SOURCE;
				MTL_FAST_MATH = YES;
				ONLY_ACTIVE_ARCH = YES;
				SDKROOT = iphoneos;
				SWIFT_ACTIVE_COMPILATION_CONDITIONS = DEBUG;
				SWIFT_OPTIMIZATION_LEVEL = "-Onone";
			};
			name = Debug;
		};
		82966D8621EA2FD60049C635 /* Release */ = {
			isa = XCBuildConfiguration;
			buildSettings = {
				ALWAYS_SEARCH_USER_PATHS = NO;
				CLANG_ANALYZER_NONNULL = YES;
				CLANG_ANALYZER_NUMBER_OBJECT_CONVERSION = YES_AGGRESSIVE;
				CLANG_CXX_LANGUAGE_STANDARD = "gnu++14";
				CLANG_CXX_LIBRARY = "libc++";
				CLANG_ENABLE_MODULES = YES;
				CLANG_ENABLE_OBJC_ARC = YES;
				CLANG_ENABLE_OBJC_WEAK = YES;
				CLANG_WARN_BLOCK_CAPTURE_AUTORELEASING = YES;
				CLANG_WARN_BOOL_CONVERSION = YES;
				CLANG_WARN_COMMA = YES;
				CLANG_WARN_CONSTANT_CONVERSION = YES;
				CLANG_WARN_DEPRECATED_OBJC_IMPLEMENTATIONS = YES;
				CLANG_WARN_DIRECT_OBJC_ISA_USAGE = YES_ERROR;
				CLANG_WARN_DOCUMENTATION_COMMENTS = YES;
				CLANG_WARN_EMPTY_BODY = YES;
				CLANG_WARN_ENUM_CONVERSION = YES;
				CLANG_WARN_INFINITE_RECURSION = YES;
				CLANG_WARN_INT_CONVERSION = YES;
				CLANG_WARN_NON_LITERAL_NULL_CONVERSION = YES;
				CLANG_WARN_OBJC_IMPLICIT_RETAIN_SELF = YES;
				CLANG_WARN_OBJC_LITERAL_CONVERSION = YES;
				CLANG_WARN_OBJC_ROOT_CLASS = YES_ERROR;
				CLANG_WARN_RANGE_LOOP_ANALYSIS = YES;
				CLANG_WARN_STRICT_PROTOTYPES = YES;
				CLANG_WARN_SUSPICIOUS_MOVE = YES;
				CLANG_WARN_UNGUARDED_AVAILABILITY = YES_AGGRESSIVE;
				CLANG_WARN_UNREACHABLE_CODE = YES;
				CLANG_WARN__DUPLICATE_METHOD_MATCH = YES;
				CODE_SIGN_IDENTITY = "iPhone Developer";
				COPY_PHASE_STRIP = NO;
				DEBUG_INFORMATION_FORMAT = "dwarf-with-dsym";
				ENABLE_NS_ASSERTIONS = NO;
				ENABLE_STRICT_OBJC_MSGSEND = YES;
				GCC_C_LANGUAGE_STANDARD = gnu11;
				GCC_NO_COMMON_BLOCKS = YES;
				GCC_WARN_64_TO_32_BIT_CONVERSION = YES;
				GCC_WARN_ABOUT_RETURN_TYPE = YES_ERROR;
				GCC_WARN_UNDECLARED_SELECTOR = YES;
				GCC_WARN_UNINITIALIZED_AUTOS = YES_AGGRESSIVE;
				GCC_WARN_UNUSED_FUNCTION = YES;
				GCC_WARN_UNUSED_VARIABLE = YES;
				IPHONEOS_DEPLOYMENT_TARGET = 12.1;
				MTL_ENABLE_DEBUG_INFO = NO;
				MTL_FAST_MATH = YES;
				SDKROOT = iphoneos;
				SWIFT_COMPILATION_MODE = wholemodule;
				SWIFT_OPTIMIZATION_LEVEL = "-O";
				VALIDATE_PRODUCT = YES;
			};
			name = Release;
		};
		82966D8821EA2FD60049C635 /* Debug */ = {
			isa = XCBuildConfiguration;
			buildSettings = {
				ASSETCATALOG_COMPILER_APPICON_NAME = AppIcon;
				ASSETCATALOG_COMPILER_LAUNCHIMAGE_NAME = LaunchImage;
				CODE_SIGN_STYLE = Automatic;
				DEVELOPMENT_TEAM = M32829DCQ3;
				INFOPLIST_FILE = steps/Info.plist;
				LD_RUNPATH_SEARCH_PATHS = (
					"$(inherited)",
					"@executable_path/Frameworks",
				);
				PRODUCT_BUNDLE_IDENTIFIER = test.app.steps;
				PRODUCT_NAME = "$(TARGET_NAME)";
				SWIFT_VERSION = 4.2;
				TARGETED_DEVICE_FAMILY = "1,2";
			};
			name = Debug;
		};
		82966D8921EA2FD60049C635 /* Release */ = {
			isa = XCBuildConfiguration;
			buildSettings = {
				ASSETCATALOG_COMPILER_APPICON_NAME = AppIcon;
				ASSETCATALOG_COMPILER_LAUNCHIMAGE_NAME = LaunchImage;
				CODE_SIGN_STYLE = Automatic;
				DEVELOPMENT_TEAM = M32829DCQ3;
				INFOPLIST_FILE = steps/Info.plist;
				LD_RUNPATH_SEARCH_PATHS = (
					"$(inherited)",
					"@executable_path/Frameworks",
				);
				PRODUCT_BUNDLE_IDENTIFIER = test.app.steps;
				PRODUCT_NAME = "$(TARGET_NAME)";
				SWIFT_VERSION = 4.2;
				TARGETED_DEVICE_FAMILY = "1,2";
			};
			name = Release;
		};
/* End XCBuildConfiguration section */

/* Begin XCConfigurationList section */
		82966D7021EA2FD50049C635 /* Build configuration list for PBXProject "steps" */ = {
			isa = XCConfigurationList;
			buildConfigurations = (
				82966D8521EA2FD60049C635 /* Debug */,
				82966D8621EA2FD60049C635 /* Release */,
			);
			defaultConfigurationIsVisible = 0;
			defaultConfigurationName = Release;
		};
		82966D8721EA2FD60049C635 /* Build configuration list for PBXNativeTarget "Steps" */ = {
			isa = XCConfigurationList;
			buildConfigurations = (
				82966D8821EA2FD60049C635 /* Debug */,
				82966D8921EA2FD60049C635 /* Release */,
			);
			defaultConfigurationIsVisible = 0;
			defaultConfigurationName = Release;
		};
/* End XCConfigurationList section */
	};
	rootObject = 82966D6D21EA2FD50049C635 /* Project object */;
}
